
Microsoft Visual Studio Solution File, Format Version 12.00
# Visual Studio 15
VisualStudioVersion = 15.0.26430.12
MinimumVisualStudioVersion = 10.0.40219.1
Project("{FAE04EC0-301F-11D3-BF4B-00C04F79EFBC}") = "CheshireCat.TestClient", "CheshireCat.TestClient\CheshireCat.TestClient.csproj", "{282FE287-6CE3-47FD-B27C-D11E1991AD8B}"
EndProject
Project("{FAE04EC0-301F-11D3-BF4B-00C04F79EFBC}") = "CheshireCat.Library", "CheshireCat.Library\CheshireCat.Library.csproj", "{FBAAB3F9-7C05-4D83-9E39-CC3ABDB0B607}"
EndProject
Global
	GlobalSection(SolutionConfigurationPlatforms) = preSolution
		Debug|Any CPU = Debug|Any CPU
		Release|Any CPU = Release|Any CPU
	EndGlobalSection
	GlobalSection(ProjectConfigurationPlatforms) = postSolution
		{282FE287-6CE3-47FD-B27C-D11E1991AD8B}.Debug|Any CPU.ActiveCfg = Debug|Any CPU
		{282FE287-6CE3-47FD-B27C-D11E1991AD8B}.Debug|Any CPU.Build.0 = Debug|Any CPU
		{282FE287-6CE3-47FD-B27C-D11E1991AD8B}.Release|Any CPU.ActiveCfg = Release|Any CPU
		{282FE287-6CE3-47FD-B27C-D11E1991AD8B}.Release|Any CPU.Build.0 = Release|Any CPU
		{FBAAB3F9-7C05-4D83-9E39-CC3ABDB0B607}.Debug|Any CPU.ActiveCfg = Debug|Any CPU
		{FBAAB3F9-7C05-4D83-9E39-CC3ABDB0B607}.Debug|Any CPU.Build.0 = Debug|Any CPU
		{FBAAB3F9-7C05-4D83-9E39-CC3ABDB0B607}.Release|Any CPU.ActiveCfg = Release|Any CPU
		{FBAAB3F9-7C05-4D83-9E39-CC3ABDB0B607}.Release|Any CPU.Build.0 = Release|Any CPU
	EndGlobalSection
	GlobalSection(SolutionProperties) = preSolution
		HideSolutionNode = FALSE
	EndGlobalSection
EndGlobal
